
Microsoft Visual Studio Solution File, Format Version 12.00
# Visual Studio Version 17
VisualStudioVersion = 17.1.32210.238
MinimumVisualStudioVersion = 10.0.40219.1
Project("{FAE04EC0-301F-11D3-BF4B-00C04F79EFBC}") = "Calculator", "Calculator\Calculator.csproj", "{EEAB8315-7671-4B34-8778-858D9DA62531}"
EndProject
Global
	GlobalSection(SolutionConfigurationPlatforms) = preSolution
		Debug|Any CPU = Debug|Any CPU
		Release|Any CPU = Release|Any CPU
	EndGlobalSection
	GlobalSection(ProjectConfigurationPlatforms) = postSolution
		{EEAB8315-7671-4B34-8778-858D9DA62531}.Debug|Any CPU.ActiveCfg = Debug|Any CPU
		{EEAB8315-7671-4B34-8778-858D9DA62531}.Debug|Any CPU.Build.0 = Debug|Any CPU
		{EEAB8315-7671-4B34-8778-858D9DA62531}.Release|Any CPU.ActiveCfg = Release|Any CPU
		{EEAB8315-7671-4B34-8778-858D9DA62531}.Release|Any CPU.Build.0 = Release|Any CPU
	EndGlobalSection
	GlobalSection(SolutionProperties) = preSolution
		HideSolutionNode = FALSE
	EndGlobalSection
	GlobalSection(ExtensibilityGlobals) = postSolution
		SolutionGuid = {AD4C84CE-1995-4754-B54D-6676A3FC816A}
	EndGlobalSection
EndGlobal
